
Microsoft Visual Studio Solution File, Format Version 12.00
# Visual Studio Version 17
VisualStudioVersion = 17.4.33213.308
MinimumVisualStudioVersion = 10.0.40219.1
Project("{FAE04EC0-301F-11D3-BF4B-00C04F79EFBC}") = "Week3IfAndSwitch", "Week3IfAndSwitch\Week3IfAndSwitch.csproj", "{37FC67F6-3740-426C-B510-86068AD49890}"
EndProject
Project("{FAE04EC0-301F-11D3-BF4B-00C04F79EFBC}") = "OddorEven", "OddorEven\OddorEven.csproj", "{97153CC6-F8FB-4CC0-8F68-DADED0F8D2C6}"
EndProject
Project("{FAE04EC0-301F-11D3-BF4B-00C04F79EFBC}") = "IfDayOfTheWeek", "IfDayOfTheWeek\IfDayOfTheWeek.csproj", "{C94F7FCA-EB8B-4D3E-B9BC-F2188E6485F0}"
EndProject
Project("{FAE04EC0-301F-11D3-BF4B-00C04F79EFBC}") = "SwitchDayOfTheWeek", "SwitchDayOfTheWeek\SwitchDayOfTheWeek.csproj", "{7E8C7B99-668E-4446-BAD4-4964809128D3}"
EndProject
Global
	GlobalSection(SolutionConfigurationPlatforms) = preSolution
		Debug|Any CPU = Debug|Any CPU
		Release|Any CPU = Release|Any CPU
	EndGlobalSection
	GlobalSection(ProjectConfigurationPlatforms) = postSolution
		{37FC67F6-3740-426C-B510-86068AD49890}.Debug|Any CPU.ActiveCfg = Debug|Any CPU
		{37FC67F6-3740-426C-B510-86068AD49890}.Debug|Any CPU.Build.0 = Debug|Any CPU
		{37FC67F6-3740-426C-B510-86068AD49890}.Release|Any CPU.ActiveCfg = Release|Any CPU
		{37FC67F6-3740-426C-B510-86068AD49890}.Release|Any CPU.Build.0 = Release|Any CPU
		{97153CC6-F8FB-4CC0-8F68-DADED0F8D2C6}.Debug|Any CPU.ActiveCfg = Debug|Any CPU
		{97153CC6-F8FB-4CC0-8F68-DADED0F8D2C6}.Debug|Any CPU.Build.0 = Debug|Any CPU
		{97153CC6-F8FB-4CC0-8F68-DADED0F8D2C6}.Release|Any CPU.ActiveCfg = Release|Any CPU
		{97153CC6-F8FB-4CC0-8F68-DADED0F8D2C6}.Release|Any CPU.Build.0 = Release|Any CPU
		{C94F7FCA-EB8B-4D3E-B9BC-F2188E6485F0}.Debug|Any CPU.ActiveCfg = Debug|Any CPU
		{C94F7FCA-EB8B-4D3E-B9BC-F2188E6485F0}.Debug|Any CPU.Build.0 = Debug|Any CPU
		{C94F7FCA-EB8B-4D3E-B9BC-F2188E6485F0}.Release|Any CPU.ActiveCfg = Release|Any CPU
		{C94F7FCA-EB8B-4D3E-B9BC-F2188E6485F0}.Release|Any CPU.Build.0 = Release|Any CPU
		{7E8C7B99-668E-4446-BAD4-4964809128D3}.Debug|Any CPU.ActiveCfg = Debug|Any CPU
		{7E8C7B99-668E-4446-BAD4-4964809128D3}.Debug|Any CPU.Build.0 = Debug|Any CPU
		{7E8C7B99-668E-4446-BAD4-4964809128D3}.Release|Any CPU.ActiveCfg = Release|Any CPU
		{7E8C7B99-668E-4446-BAD4-4964809128D3}.Release|Any CPU.Build.0 = Release|Any CPU
	EndGlobalSection
	GlobalSection(SolutionProperties) = preSolution
		HideSolutionNode = FALSE
	EndGlobalSection
	GlobalSection(ExtensibilityGlobals) = postSolution
		SolutionGuid = {CCAE7B09-E627-4048-A7A1-F8266C8D2C8D}
	EndGlobalSection
EndGlobal
